{
  "name": "slack-app",
  "version": "1.0.0",
  "lockfileVersion": 2,
  "requires": true,
  "packages": {
    "": {
      "name": "slack-app",
      "version": "1.0.0",
      "license": "ISC",
      "dependencies": {
        "slack-block-builder": "^2.7.2"
      }
    },
    "node_modules/slack-block-builder": {
      "version": "2.7.2",
      "resolved": "https://registry.npmjs.org/slack-block-builder/-/slack-block-builder-2.7.2.tgz",
      "integrity": "sha512-EhoXDveGZWrHL0+AKnm3wu8n9K9usMjJGlbYLLwMSq62J7Qv+a4lO1iJI+NmCE04dm37d/3OlGKxBVoASnynog=="
    }
  },
  "dependencies": {
    "slack-block-builder": {
      "version": "2.7.2",
      "resolved": "https://registry.npmjs.org/slack-block-builder/-/slack-block-builder-2.7.2.tgz",
      "integrity": "sha512-EhoXDveGZWrHL0+AKnm3wu8n9K9usMjJGlbYLLwMSq62J7Qv+a4lO1iJI+NmCE04dm37d/3OlGKxBVoASnynog=="
    }
  }
}
